
Microsoft Visual Studio Solution File, Format Version 12.00
# Visual Studio Version 17
VisualStudioVersion = 17.5.002.0
MinimumVisualStudioVersion = 10.0.40219.1
Project("{9A19103F-16F7-4668-BE54-9A1E7A4F7556}") = "StringPractice", "StringPractice.csproj", "{543DDA7F-B2AF-424B-9919-539B5C689952}"
EndProject
Global
	GlobalSection(SolutionConfigurationPlatforms) = preSolution
		Debug|Any CPU = Debug|Any CPU
		Release|Any CPU = Release|Any CPU
	EndGlobalSection
	GlobalSection(ProjectConfigurationPlatforms) = postSolution
		{543DDA7F-B2AF-424B-9919-539B5C689952}.Debug|Any CPU.ActiveCfg = Debug|Any CPU
		{543DDA7F-B2AF-424B-9919-539B5C689952}.Debug|Any CPU.Build.0 = Debug|Any CPU
		{543DDA7F-B2AF-424B-9919-539B5C689952}.Release|Any CPU.ActiveCfg = Release|Any CPU
		{543DDA7F-B2AF-424B-9919-539B5C689952}.Release|Any CPU.Build.0 = Release|Any CPU
	EndGlobalSection
	GlobalSection(SolutionProperties) = preSolution
		HideSolutionNode = FALSE
	EndGlobalSection
	GlobalSection(ExtensibilityGlobals) = postSolution
		SolutionGuid = {77104525-579E-4D49-92CE-F6044204DBDE}
	EndGlobalSection
EndGlobal
